// !$*UTF8*$!
{
	archiveVersion = 1;
	classes = {
	};
	objectVersion = 50;
	objects = {

/* Begin PBXBuildFile section */
		6D9DB725229FB56200D9A37C /* AppDelegate.swift in Sources */ = {isa = PBXBuildFile; fileRef = 6D9DB724229FB56200D9A37C /* AppDelegate.swift */; };
		6D9DB727229FB56200D9A37C /* ViewController.swift in Sources */ = {isa = PBXBuildFile; fileRef = 6D9DB726229FB56200D9A37C /* ViewController.swift */; };
		6D9DB72A229FB56200D9A37C /* Main.storyboard in Resources */ = {isa = PBXBuildFile; fileRef = 6D9DB728229FB56200D9A37C /* Main.storyboard */; };
		6D9DB72D229FB56200D9A37C /* solid.xcdatamodeld in Sources */ = {isa = PBXBuildFile; fileRef = 6D9DB72B229FB56200D9A37C /* solid.xcdatamodeld */; };
		6D9DB72F229FB56500D9A37C /* Assets.xcassets in Resources */ = {isa = PBXBuildFile; fileRef = 6D9DB72E229FB56500D9A37C /* Assets.xcassets */; };
		6D9DB732229FB56500D9A37C /* LaunchScreen.storyboard in Resources */ = {isa = PBXBuildFile; fileRef = 6D9DB730229FB56500D9A37C /* LaunchScreen.storyboard */; };
		6D9DB73D229FB56500D9A37C /* solidTests.swift in Sources */ = {isa = PBXBuildFile; fileRef = 6D9DB73C229FB56500D9A37C /* solidTests.swift */; };
		6D9DB748229FB56500D9A37C /* solidUITests.swift in Sources */ = {isa = PBXBuildFile; fileRef = 6D9DB747229FB56500D9A37C /* solidUITests.swift */; };
/* End PBXBuildFile section */

/* Begin PBXContainerItemProxy section */
		6D9DB739229FB56500D9A37C /* PBXContainerItemProxy */ = {
			isa = PBXContainerItemProxy;
			containerPortal = 6D9DB719229FB56200D9A37C /* Project object */;
			proxyType = 1;
			remoteGlobalIDString = 6D9DB720229FB56200D9A37C;
			remoteInfo = solid;
		};
		6D9DB744229FB56500D9A37C /* PBXContainerItemProxy */ = {
			isa = PBXContainerItemProxy;
			containerPortal = 6D9DB719229FB56200D9A37C /* Project object */;
			proxyType = 1;
			remoteGlobalIDString = 6D9DB720229FB56200D9A37C;
			remoteInfo = solid;
		};
/* End PBXContainerItemProxy section */

/* Begin PBXFileReference section */
		6D9DB721229FB56200D9A37C /* solid.app */ = {isa = PBXFileReference; explicitFileType = wrapper.application; includeInIndex = 0; path = solid.app; sourceTree = BUILT_PRODUCTS_DIR; };
		6D9DB724229FB56200D9A37C /* AppDelegate.swift */ = {isa = PBXFileReference; lastKnownFileType = sourcecode.swift; path = AppDelegate.swift; sourceTree = "<group>"; };
		6D9DB726229FB56200D9A37C /* ViewController.swift */ = {isa = PBXFileReference; lastKnownFileType = sourcecode.swift; path = ViewController.swift; sourceTree = "<group>"; };
		6D9DB729229FB56200D9A37C /* Base */ = {isa = PBXFileReference; lastKnownFileType = file.storyboard; name = Base; path = Base.lproj/Main.storyboard; sourceTree = "<group>"; };
		6D9DB72C229FB56200D9A37C /* solid.xcdatamodel */ = {isa = PBXFileReference; lastKnownFileType = wrapper.xcdatamodel; path = solid.xcdatamodel; sourceTree = "<group>"; };
		6D9DB72E229FB56500D9A37C /* Assets.xcassets */ = {isa = PBXFileReference; lastKnownFileType = folder.assetcatalog; path = Assets.xcassets; sourceTree = "<group>"; };
		6D9DB731229FB56500D9A37C /* Base */ = {isa = PBXFileReference; lastKnownFileType = file.storyboard; name = Base; path = Base.lproj/LaunchScreen.storyboard; sourceTree = "<group>"; };
		6D9DB733229FB56500D9A37C /* Info.plist */ = {isa = PBXFileReference; lastKnownFileType = text.plist.xml; path = Info.plist; sourceTree = "<group>"; };
		6D9DB738229FB56500D9A37C /* solidTests.xctest */ = {isa = PBXFileReference; explicitFileType = wrapper.cfbundle; includeInIndex = 0; path = solidTests.xctest; sourceTree = BUILT_PRODUCTS_DIR; };
		6D9DB73C229FB56500D9A37C /* solidTests.swift */ = {isa = PBXFileReference; lastKnownFileType = sourcecode.swift; path = solidTests.swift; sourceTree = "<group>"; };
		6D9DB73E229FB56500D9A37C /* Info.plist */ = {isa = PBXFileReference; lastKnownFileType = text.plist.xml; path = Info.plist; sourceTree = "<group>"; };
		6D9DB743229FB56500D9A37C /* solidUITests.xctest */ = {isa = PBXFileReference; explicitFileType = wrapper.cfbundle; includeInIndex = 0; path = solidUITests.xctest; sourceTree = BUILT_PRODUCTS_DIR; };
		6D9DB747229FB56500D9A37C /* solidUITests.swift */ = {isa = PBXFileReference; lastKnownFileType = sourcecode.swift; path = solidUITests.swift; sourceTree = "<group>"; };
		6D9DB749229FB56500D9A37C /* Info.plist */ = {isa = PBXFileReference; lastKnownFileType = text.plist.xml; path = Info.plist; sourceTree = "<group>"; };
/* End PBXFileReference section */

/* Begin PBXFrameworksBuildPhase section */
		6D9DB71E229FB56200D9A37C /* Frameworks */ = {
			isa = PBXFrameworksBuildPhase;
			buildActionMask = 2147483647;
			files = (
			);
			runOnlyForDeploymentPostprocessing = 0;
		};
		6D9DB735229FB56500D9A37C /* Frameworks */ = {
			isa = PBXFrameworksBuildPhase;
			buildActionMask = 2147483647;
			files = (
			);
			runOnlyForDeploymentPostprocessing = 0;
		};
		6D9DB740229FB56500D9A37C /* Frameworks */ = {
			isa = PBXFrameworksBuildPhase;
			buildActionMask = 2147483647;
			files = (
			);
			runOnlyForDeploymentPostprocessing = 0;
		};
/* End PBXFrameworksBuildPhase section */

/* Begin PBXGroup section */
		6D9DB718229FB56200D9A37C = {
			isa = PBXGroup;
			children = (
				6D9DB723229FB56200D9A37C /* solid */,
				6D9DB73B229FB56500D9A37C /* solidTests */,
				6D9DB746229FB56500D9A37C /* solidUITests */,
				6D9DB722229FB56200D9A37C /* Products */,
			);
			sourceTree = "<group>";
		};
		6D9DB722229FB56200D9A37C /* Products */ = {
			isa = PBXGroup;
			children = (
				6D9DB721229FB56200D9A37C /* solid.app */,
				6D9DB738229FB56500D9A37C /* solidTests.xctest */,
				6D9DB743229FB56500D9A37C /* solidUITests.xctest */,
			);
			name = Products;
			sourceTree = "<group>";
		};
		6D9DB723229FB56200D9A37C /* solid */ = {
			isa = PBXGroup;
			children = (
				6D9DB724229FB56200D9A37C /* AppDelegate.swift */,
				6D9DB726229FB56200D9A37C /* ViewController.swift */,
				6D9DB728229FB56200D9A37C /* Main.storyboard */,
				6D9DB72E229FB56500D9A37C /* Assets.xcassets */,
				6D9DB730229FB56500D9A37C /* LaunchScreen.storyboard */,
				6D9DB733229FB56500D9A37C /* Info.plist */,
				6D9DB72B229FB56200D9A37C /* solid.xcdatamodeld */,
			);
			path = solid;
			sourceTree = "<group>";
		};
		6D9DB73B229FB56500D9A37C /* solidTests */ = {
			isa = PBXGroup;
			children = (
				6D9DB73C229FB56500D9A37C /* solidTests.swift */,
				6D9DB73E229FB56500D9A37C /* Info.plist */,
			);
			path = solidTests;
			sourceTree = "<group>";
		};
		6D9DB746229FB56500D9A37C /* solidUITests */ = {
			isa = PBXGroup;
			children = (
				6D9DB747229FB56500D9A37C /* solidUITests.swift */,
				6D9DB749229FB56500D9A37C /* Info.plist */,
			);
			path = solidUITests;
			sourceTree = "<group>";
		};
/* End PBXGroup section */

/* Begin PBXNativeTarget section */
		6D9DB720229FB56200D9A37C /* solid */ = {
			isa = PBXNativeTarget;
			buildConfigurationList = 6D9DB74C229FB56500D9A37C /* Build configuration list for PBXNativeTarget "solid" */;
			buildPhases = (
				6D9DB71D229FB56200D9A37C /* Sources */,
				6D9DB71E229FB56200D9A37C /* Frameworks */,
				6D9DB71F229FB56200D9A37C /* Resources */,
			);
			buildRules = (
			);
			dependencies = (
			);
			name = solid;
			productName = solid;
			productReference = 6D9DB721229FB56200D9A37C /* solid.app */;
			productType = "com.apple.product-type.application";
		};
		6D9DB737229FB56500D9A37C /* solidTests */ = {
			isa = PBXNativeTarget;
			buildConfigurationList = 6D9DB74F229FB56500D9A37C /* Build configuration list for PBXNativeTarget "solidTests" */;
			buildPhases = (
				6D9DB734229FB56500D9A37C /* Sources */,
				6D9DB735229FB56500D9A37C /* Frameworks */,
				6D9DB736229FB56500D9A37C /* Resources */,
			);
			buildRules = (
			);
			dependencies = (
				6D9DB73A229FB56500D9A37C /* PBXTargetDependency */,
			);
			name = solidTests;
			productName = solidTests;
			productReference = 6D9DB738229FB56500D9A37C /* solidTests.xctest */;
			productType = "com.apple.product-type.bundle.unit-test";
		};
		6D9DB742229FB56500D9A37C /* solidUITests */ = {
			isa = PBXNativeTarget;
			buildConfigurationList = 6D9DB752229FB56500D9A37C /* Build configuration list for PBXNativeTarget "solidUITests" */;
			buildPhases = (
				6D9DB73F229FB56500D9A37C /* Sources */,
				6D9DB740229FB56500D9A37C /* Frameworks */,
				6D9DB741229FB56500D9A37C /* Resources */,
			);
			buildRules = (
			);
			dependencies = (
				6D9DB745229FB56500D9A37C /* PBXTargetDependency */,
			);
			name = solidUITests;
			productName = solidUITests;
			productReference = 6D9DB743229FB56500D9A37C /* solidUITests.xctest */;
			productType = "com.apple.product-type.bundle.ui-testing";
		};
/* End PBXNativeTarget section */

/* Begin PBXProject section */
		6D9DB719229FB56200D9A37C /* Project object */ = {
			isa = PBXProject;
			attributes = {
				LastSwiftUpdateCheck = 1010;
				LastUpgradeCheck = 1010;
				ORGANIZATIONNAME = "渡邊丈洋";
				TargetAttributes = {
					6D9DB720229FB56200D9A37C = {
						CreatedOnToolsVersion = 10.1;
					};
					6D9DB737229FB56500D9A37C = {
						CreatedOnToolsVersion = 10.1;
						TestTargetID = 6D9DB720229FB56200D9A37C;
					};
					6D9DB742229FB56500D9A37C = {
						CreatedOnToolsVersion = 10.1;
						TestTargetID = 6D9DB720229FB56200D9A37C;
					};
				};
			};
			buildConfigurationList = 6D9DB71C229FB56200D9A37C /* Build configuration list for PBXProject "solid" */;
			compatibilityVersion = "Xcode 9.3";
			developmentRegion = en;
			hasScannedForEncodings = 0;
			knownRegions = (
				en,
				Base,
			);
			mainGroup = 6D9DB718229FB56200D9A37C;
			productRefGroup = 6D9DB722229FB56200D9A37C /* Products */;
			projectDirPath = "";
			projectRoot = "";
			targets = (
				6D9DB720229FB56200D9A37C /* solid */,
				6D9DB737229FB56500D9A37C /* solidTests */,
				6D9DB742229FB56500D9A37C /* solidUITests */,
			);
		};
/* End PBXProject section */

/* Begin PBXResourcesBuildPhase section */
		6D9DB71F229FB56200D9A37C /* Resources */ = {
			isa = PBXResourcesBuildPhase;
			buildActionMask = 2147483647;
			files = (
				6D9DB732229FB56500D9A37C /* LaunchScreen.storyboard in Resources */,
				6D9DB72F229FB56500D9A37C /* Assets.xcassets in Resources */,
				6D9DB72A229FB56200D9A37C /* Main.storyboard in Resources */,
			);
			runOnlyForDeploymentPostprocessing = 0;
		};
		6D9DB736229FB56500D9A37C /* Resources */ = {
			isa = PBXResourcesBuildPhase;
			buildActionMask = 2147483647;
			files = (
			);
			runOnlyForDeploymentPostprocessing = 0;
		};
		6D9DB741229FB56500D9A37C /* Resources */ = {
			isa = PBXResourcesBuildPhase;
			buildActionMask = 2147483647;
			files = (
			);
			runOnlyForDeploymentPostprocessing = 0;
		};
/* End PBXResourcesBuildPhase section */

/* Begin PBXSourcesBuildPhase section */
		6D9DB71D229FB56200D9A37C /* Sources */ = {
			isa = PBXSourcesBuildPhase;
			buildActionMask = 2147483647;
			files = (
				6D9DB72D229FB56200D9A37C /* solid.xcdatamodeld in Sources */,
				6D9DB727229FB56200D9A37C /* ViewController.swift in Sources */,
				6D9DB725229FB56200D9A37C /* AppDelegate.swift in Sources */,
			);
			runOnlyForDeploymentPostprocessing = 0;
		};
		6D9DB734229FB56500D9A37C /* Sources */ = {
			isa = PBXSourcesBuildPhase;
			buildActionMask = 2147483647;
			files = (
				6D9DB73D229FB56500D9A37C /* solidTests.swift in Sources */,
			);
			runOnlyForDeploymentPostprocessing = 0;
		};
		6D9DB73F229FB56500D9A37C /* Sources */ = {
			isa = PBXSourcesBuildPhase;
			buildActionMask = 2147483647;
			files = (
				6D9DB748229FB56500D9A37C /* solidUITests.swift in Sources */,
			);
			runOnlyForDeploymentPostprocessing = 0;
		};
/* End PBXSourcesBuildPhase section */

/* Begin PBXTargetDependency section */
		6D9DB73A229FB56500D9A37C /* PBXTargetDependency */ = {
			isa = PBXTargetDependency;
			target = 6D9DB720229FB56200D9A37C /* solid */;
			targetProxy = 6D9DB739229FB56500D9A37C /* PBXContainerItemProxy */;
		};
		6D9DB745229FB56500D9A37C /* PBXTargetDependency */ = {
			isa = PBXTargetDependency;
			target = 6D9DB720229FB56200D9A37C /* solid */;
			targetProxy = 6D9DB744229FB56500D9A37C /* PBXContainerItemProxy */;
		};
/* End PBXTargetDependency section */

/* Begin PBXVariantGroup section */
		6D9DB728229FB56200D9A37C /* Main.storyboard */ = {
			isa = PBXVariantGroup;
			children = (
				6D9DB729229FB56200D9A37C /* Base */,
			);
			name = Main.storyboard;
			sourceTree = "<group>";
		};
		6D9DB730229FB56500D9A37C /* LaunchScreen.storyboard */ = {
			isa = PBXVariantGroup;
			children = (
				6D9DB731229FB56500D9A37C /* Base */,
			);
			name = LaunchScreen.storyboard;
			sourceTree = "<group>";
		};
/* End PBXVariantGroup section */

/* Begin XCBuildConfiguration section */
		6D9DB74A229FB56500D9A37C /* Debug */ = {
			isa = XCBuildConfiguration;
			buildSettings = {
				ALWAYS_SEARCH_USER_PATHS = NO;
				CLANG_ANALYZER_NONNULL = YES;
				CLANG_ANALYZER_NUMBER_OBJECT_CONVERSION = YES_AGGRESSIVE;
				CLANG_CXX_LANGUAGE_STANDARD = "gnu++14";
				CLANG_CXX_LIBRARY = "libc++";
				CLANG_ENABLE_MODULES = YES;
				CLANG_ENABLE_OBJC_ARC = YES;
				CLANG_ENABLE_OBJC_WEAK = YES;
				CLANG_WARN_BLOCK_CAPTURE_AUTORELEASING = YES;
				CLANG_WARN_BOOL_CONVERSION = YES;
				CLANG_WARN_COMMA = YES;
				CLANG_WARN_CONSTANT_CONVERSION = YES;
				CLANG_WARN_DEPRECATED_OBJC_IMPLEMENTATIONS = YES;
				CLANG_WARN_DIRECT_OBJC_ISA_USAGE = YES_ERROR;
				CLANG_WARN_DOCUMENTATION_COMMENTS = YES;
				CLANG_WARN_EMPTY_BODY = YES;
				CLANG_WARN_ENUM_CONVERSION = YES;
				CLANG_WARN_INFINITE_RECURSION = YES;
				CLANG_WARN_INT_CONVERSION = YES;
				CLANG_WARN_NON_LITERAL_NULL_CONVERSION = YES;
				CLANG_WARN_OBJC_IMPLICIT_RETAIN_SELF = YES;
				CLANG_WARN_OBJC_LITERAL_CONVERSION = YES;
				CLANG_WARN_OBJC_ROOT_CLASS = YES_ERROR;
				CLANG_WARN_RANGE_LOOP_ANALYSIS = YES;
				CLANG_WARN_STRICT_PROTOTYPES = YES;
				CLANG_WARN_SUSPICIOUS_MOVE = YES;
				CLANG_WARN_UNGUARDED_AVAILABILITY = YES_AGGRESSIVE;
				CLANG_WARN_UNREACHABLE_CODE = YES;
				CLANG_WARN__DUPLICATE_METHOD_MATCH = YES;
				CODE_SIGN_IDENTITY = "iPhone Developer";
				COPY_PHASE_STRIP = NO;
				DEBUG_INFORMATION_FORMAT = dwarf;
				ENABLE_STRICT_OBJC_MSGSEND = YES;
				ENABLE_TESTABILITY = YES;
				GCC_C_LANGUAGE_STANDARD = gnu11;
				GCC_DYNAMIC_NO_PIC = NO;
				GCC_NO_COMMON_BLOCKS = YES;
				GCC_OPTIMIZATION_LEVEL = 0;
				GCC_PREPROCESSOR_DEFINITIONS = (
					"DEBUG=1",
					"$(inherited)",
				);
				GCC_WARN_64_TO_32_BIT_CONVERSION = YES;
				GCC_WARN_ABOUT_RETURN_TYPE = YES_ERROR;
				GCC_WARN_UNDECLARED_SELECTOR = YES;
				GCC_WARN_UNINITIALIZED_AUTOS = YES_AGGRESSIVE;
				GCC_WARN_UNUSED_FUNCTION = YES;
				GCC_WARN_UNUSED_VARIABLE = YES;
				IPHONEOS_DEPLOYMENT_TARGET = 12.1;
				MTL_ENABLE_DEBUG_INFO = INCLUDE_SOURCE;
				MTL_FAST_MATH = YES;
				ONLY_ACTIVE_ARCH = YES;
				SDKROOT = iphoneos;
				SWIFT_ACTIVE_COMPILATION_CONDITIONS = DEBUG;
				SWIFT_OPTIMIZATION_LEVEL = "-Onone";
			};
			name = Debug;
		};
		6D9DB74B229FB56500D9A37C /* Release */ = {
			isa = XCBuildConfiguration;
			buildSettings = {
				ALWAYS_SEARCH_USER_PATHS = NO;
				CLANG_ANALYZER_NONNULL = YES;
				CLANG_ANALYZER_NUMBER_OBJECT_CONVERSION = YES_AGGRESSIVE;
				CLANG_CXX_LANGUAGE_STANDARD = "gnu++14";
				CLANG_CXX_LIBRARY = "libc++";
				CLANG_ENABLE_MODULES = YES;
				CLANG_ENABLE_OBJC_ARC = YES;
				CLANG_ENABLE_OBJC_WEAK = YES;
				CLANG_WARN_BLOCK_CAPTURE_AUTORELEASING = YES;
				CLANG_WARN_BOOL_CONVERSION = YES;
				CLANG_WARN_COMMA = YES;
				CLANG_WARN_CONSTANT_CONVERSION = YES;
				CLANG_WARN_DEPRECATED_OBJC_IMPLEMENTATIONS = YES;
				CLANG_WARN_DIRECT_OBJC_ISA_USAGE = YES_ERROR;
				CLANG_WARN_DOCUMENTATION_COMMENTS = YES;
				CLANG_WARN_EMPTY_BODY = YES;
				CLANG_WARN_ENUM_CONVERSION = YES;
				CLANG_WARN_INFINITE_RECURSION = YES;
				CLANG_WARN_INT_CONVERSION = YES;
				CLANG_WARN_NON_LITERAL_NULL_CONVERSION = YES;
				CLANG_WARN_OBJC_IMPLICIT_RETAIN_SELF = YES;
				CLANG_WARN_OBJC_LITERAL_CONVERSION = YES;
				CLANG_WARN_OBJC_ROOT_CLASS = YES_ERROR;
				CLANG_WARN_RANGE_LOOP_ANALYSIS = YES;
				CLANG_WARN_STRICT_PROTOTYPES = YES;
				CLANG_WARN_SUSPICIOUS_MOVE = YES;
				CLANG_WARN_UNGUARDED_AVAILABILITY = YES_AGGRESSIVE;
				CLANG_WARN_UNREACHABLE_CODE = YES;
				CLANG_WARN__DUPLICATE_METHOD_MATCH = YES;
				CODE_SIGN_IDENTITY = "iPhone Developer";
				COPY_PHASE_STRIP = NO;
				DEBUG_INFORMATION_FORMAT = "dwarf-with-dsym";
				ENABLE_NS_ASSERTIONS = NO;
				ENABLE_STRICT_OBJC_MSGSEND = YES;
				GCC_C_LANGUAGE_STANDARD = gnu11;
				GCC_NO_COMMON_BLOCKS = YES;
				GCC_WARN_64_TO_32_BIT_CONVERSION = YES;
				GCC_WARN_ABOUT_RETURN_TYPE = YES_ERROR;
				GCC_WARN_UNDECLARED_SELECTOR = YES;
				GCC_WARN_UNINITIALIZED_AUTOS = YES_AGGRESSIVE;
				GCC_WARN_UNUSED_FUNCTION = YES;
				GCC_WARN_UNUSED_VARIABLE = YES;
				IPHONEOS_DEPLOYMENT_TARGET = 12.1;
				MTL_ENABLE_DEBUG_INFO = NO;
				MTL_FAST_MATH = YES;
				SDKROOT = iphoneos;
				SWIFT_COMPILATION_MODE = wholemodule;
				SWIFT_OPTIMIZATION_LEVEL = "-O";
				VALIDATE_PRODUCT = YES;
			};
			name = Release;
		};
		6D9DB74D229FB56500D9A37C /* Debug */ = {
			isa = XCBuildConfiguration;
			buildSettings = {
				ASSETCATALOG_COMPILER_APPICON_NAME = AppIcon;
				CODE_SIGN_STYLE = Automatic;
				DEVELOPMENT_TEAM = WE75VTX439;
				INFOPLIST_FILE = solid/Info.plist;
				LD_RUNPATH_SEARCH_PATHS = (
					"$(inherited)",
					"@executable_path/Frameworks",
				);
				PRODUCT_BUNDLE_IDENTIFIER = com.tkhr.solid;
				PRODUCT_NAME = "$(TARGET_NAME)";
				SWIFT_VERSION = 4.2;
				TARGETED_DEVICE_FAMILY = "1,2";
			};
			name = Debug;
		};
		6D9DB74E229FB56500D9A37C /* Release */ = {
			isa = XCBuildConfiguration;
			buildSettings = {
				ASSETCATALOG_COMPILER_APPICON_NAME = AppIcon;
				CODE_SIGN_STYLE = Automatic;
				DEVELOPMENT_TEAM = WE75VTX439;
				INFOPLIST_FILE = solid/Info.plist;
				LD_RUNPATH_SEARCH_PATHS = (
					"$(inherited)",
					"@executable_path/Frameworks",
				);
				PRODUCT_BUNDLE_IDENTIFIER = com.tkhr.solid;
				PRODUCT_NAME = "$(TARGET_NAME)";
				SWIFT_VERSION = 4.2;
				TARGETED_DEVICE_FAMILY = "1,2";
			};
			name = Release;
		};
		6D9DB750229FB56500D9A37C /* Debug */ = {
			isa = XCBuildConfiguration;
			buildSettings = {
				ALWAYS_EMBED_SWIFT_STANDARD_LIBRARIES = YES;
				BUNDLE_LOADER = "$(TEST_HOST)";
				CODE_SIGN_STYLE = Automatic;
				DEVELOPMENT_TEAM = WE75VTX439;
				INFOPLIST_FILE = solidTests/Info.plist;
				LD_RUNPATH_SEARCH_PATHS = (
					"$(inherited)",
					"@executable_path/Frameworks",
					"@loader_path/Frameworks",
				);
				PRODUCT_BUNDLE_IDENTIFIER = com.tkhr.solidTests;
				PRODUCT_NAME = "$(TARGET_NAME)";
				SWIFT_VERSION = 4.2;
				TARGETED_DEVICE_FAMILY = "1,2";
				TEST_HOST = "$(BUILT_PRODUCTS_DIR)/solid.app/solid";
			};
			name = Debug;
		};
		6D9DB751229FB56500D9A37C /* Release */ = {
			isa = XCBuildConfiguration;
			buildSettings = {
				ALWAYS_EMBED_SWIFT_STANDARD_LIBRARIES = YES;
				BUNDLE_LOADER = "$(TEST_HOST)";
				CODE_SIGN_STYLE = Automatic;
				DEVELOPMENT_TEAM = WE75VTX439;
				INFOPLIST_FILE = solidTests/Info.plist;
				LD_RUNPATH_SEARCH_PATHS = (
					"$(inherited)",
					"@executable_path/Frameworks",
					"@loader_path/Frameworks",
				);
				PRODUCT_BUNDLE_IDENTIFIER = com.tkhr.solidTests;
				PRODUCT_NAME = "$(TARGET_NAME)";
				SWIFT_VERSION = 4.2;
				TARGETED_DEVICE_FAMILY = "1,2";
				TEST_HOST = "$(BUILT_PRODUCTS_DIR)/solid.app/solid";
			};
			name = Release;
		};
		6D9DB753229FB56500D9A37C /* Debug */ = {
			isa = XCBuildConfiguration;
			buildSettings = {
				ALWAYS_EMBED_SWIFT_STANDARD_LIBRARIES = YES;
				CODE_SIGN_STYLE = Automatic;
				DEVELOPMENT_TEAM = WE75VTX439;
				INFOPLIST_FILE = solidUITests/Info.plist;
				LD_RUNPATH_SEARCH_PATHS = (
					"$(inherited)",
					"@executable_path/Frameworks",
					"@loader_path/Frameworks",
				);
				PRODUCT_BUNDLE_IDENTIFIER = com.tkhr.solidUITests;
				PRODUCT_NAME = "$(TARGET_NAME)";
				SWIFT_VERSION = 4.2;
				TARGETED_DEVICE_FAMILY = "1,2";
				TEST_TARGET_NAME = solid;
			};
			name = Debug;
		};
		6D9DB754229FB56500D9A37C /* Release */ = {
			isa = XCBuildConfiguration;
			buildSettings = {
				ALWAYS_EMBED_SWIFT_STANDARD_LIBRARIES = YES;
				CODE_SIGN_STYLE = Automatic;
				DEVELOPMENT_TEAM = WE75VTX439;
				INFOPLIST_FILE = solidUITests/Info.plist;
				LD_RUNPATH_SEARCH_PATHS = (
					"$(inherited)",
					"@executable_path/Frameworks",
					"@loader_path/Frameworks",
				);
				PRODUCT_BUNDLE_IDENTIFIER = com.tkhr.solidUITests;
				PRODUCT_NAME = "$(TARGET_NAME)";
				SWIFT_VERSION = 4.2;
				TARGETED_DEVICE_FAMILY = "1,2";
				TEST_TARGET_NAME = solid;
			};
			name = Release;
		};
/* End XCBuildConfiguration section */

/* Begin XCConfigurationList section */
		6D9DB71C229FB56200D9A37C /* Build configuration list for PBXProject "solid" */ = {
			isa = XCConfigurationList;
			buildConfigurations = (
				6D9DB74A229FB56500D9A37C /* Debug */,
				6D9DB74B229FB56500D9A37C /* Release */,
			);
			defaultConfigurationIsVisible = 0;
			defaultConfigurationName = Release;
		};
		6D9DB74C229FB56500D9A37C /* Build configuration list for PBXNativeTarget "solid" */ = {
			isa = XCConfigurationList;
			buildConfigurations = (
				6D9DB74D229FB56500D9A37C /* Debug */,
				6D9DB74E229FB56500D9A37C /* Release */,
			);
			defaultConfigurationIsVisible = 0;
			defaultConfigurationName = Release;
		};
		6D9DB74F229FB56500D9A37C /* Build configuration list for PBXNativeTarget "solidTests" */ = {
			isa = XCConfigurationList;
			buildConfigurations = (
				6D9DB750229FB56500D9A37C /* Debug */,
				6D9DB751229FB56500D9A37C /* Release */,
			);
			defaultConfigurationIsVisible = 0;
			defaultConfigurationName = Release;
		};
		6D9DB752229FB56500D9A37C /* Build configuration list for PBXNativeTarget "solidUITests" */ = {
			isa = XCConfigurationList;
			buildConfigurations = (
				6D9DB753229FB56500D9A37C /* Debug */,
				6D9DB754229FB56500D9A37C /* Release */,
			);
			defaultConfigurationIsVisible = 0;
			defaultConfigurationName = Release;
		};
/* End XCConfigurationList section */

/* Begin XCVersionGroup section */
		6D9DB72B229FB56200D9A37C /* solid.xcdatamodeld */ = {
			isa = XCVersionGroup;
			children = (
				6D9DB72C229FB56200D9A37C /* solid.xcdatamodel */,
			);
			currentVersion = 6D9DB72C229FB56200D9A37C /* solid.xcdatamodel */;
			path = solid.xcdatamodeld;
			sourceTree = "<group>";
			versionGroupType = wrapper.xcdatamodel;
		};
/* End XCVersionGroup section */
	};
	rootObject = 6D9DB719229FB56200D9A37C /* Project object */;
}
